
Microsoft Visual Studio Solution File, Format Version 12.00
# Visual Studio 15
VisualStudioVersion = 15.0.28010.2036
MinimumVisualStudioVersion = 10.0.40219.1
Project("{FAE04EC0-301F-11D3-BF4B-00C04F79EFBC}") = "SudokuGA", "SudokuGA\SudokuGA.csproj", "{A493C2F2-17D7-400E-91E8-C201332F98E9}"
EndProject
Global
	GlobalSection(SolutionConfigurationPlatforms) = preSolution
		Debug|Any CPU = Debug|Any CPU
		Release|Any CPU = Release|Any CPU
	EndGlobalSection
	GlobalSection(ProjectConfigurationPlatforms) = postSolution
		{A493C2F2-17D7-400E-91E8-C201332F98E9}.Debug|Any CPU.ActiveCfg = Debug|Any CPU
		{A493C2F2-17D7-400E-91E8-C201332F98E9}.Debug|Any CPU.Build.0 = Debug|Any CPU
		{A493C2F2-17D7-400E-91E8-C201332F98E9}.Release|Any CPU.ActiveCfg = Release|Any CPU
		{A493C2F2-17D7-400E-91E8-C201332F98E9}.Release|Any CPU.Build.0 = Release|Any CPU
	EndGlobalSection
	GlobalSection(SolutionProperties) = preSolution
		HideSolutionNode = FALSE
	EndGlobalSection
	GlobalSection(ExtensibilityGlobals) = postSolution
		SolutionGuid = {70859FB9-A2AA-47ED-A552-E64367520ADA}
	EndGlobalSection
EndGlobal
